PODS:
  - Alamofire (4.7.2)
  - DYTrends (1.0.0):
    - Alamofire
    - Masonry
    - MJRefresh
    - NJKit
    - SDWebImage
  - Masonry (1.1.0)
  - MJRefresh (3.1.15.3)
  - NJKit (1.0.6):
    - Alamofire
    - Masonry
    - MJRefresh
    - SDWebImage
  - SDWebImage (4.4.0):
    - SDWebImage/Core (= 4.4.0)
  - SDWebImage/Core (4.4.0)

DEPENDENCIES:
  - DYTrends (from `../`)
  - NJKit

SPEC REPOS:
  https://github.com/cocoapods/specs.git:
    - Alamofire
    - Masonry
    - MJRefresh
    - SDWebImage
  https://github.com/NJHu/NJSpecs.git:
    - NJKit

EXTERNAL SOURCES:
  DYTrends:
    :path: "../"

SPEC CHECKSUMS:
  Alamofire: e4fa87002c137ba2d8d634d2c51fabcda0d5c223
  DYTrends: b7cacad1f79e7c62f7825e7d91375969fb18ffee
  Masonry: 678fab65091a9290e40e2832a55e7ab731aad201
  MJRefresh: b48380ae2b927b46c4ef000de9adb8dc748e1df7
  NJKit: 3315d4f33526d14f45590640e8f70dd8399514d9
  SDWebImage: b534502786e43dde36dfcaee89356fe6df30e203

PODFILE CHECKSUM: 17ebe05a1c2ba06f6363379534537f193d8f3a73

COCOAPODS: 1.5.3
